
Microsoft Visual Studio Solution File, Format Version 12.00
# Visual Studio Version 16
VisualStudioVersion = 16.0.31410.357
MinimumVisualStudioVersion = 10.0.40219.1
Project("{FAE04EC0-301F-11D3-BF4B-00C04F79EFBC}") = "WpfApp7", "WpfApp7\WpfApp7.csproj", "{A1405B2D-BE78-40D6-8FDD-C1F5EE1AF542}"
EndProject
Global
	GlobalSection(SolutionConfigurationPlatforms) = preSolution
		Debug|Any CPU = Debug|Any CPU
		Release|Any CPU = Release|Any CPU
	EndGlobalSection
	GlobalSection(ProjectConfigurationPlatforms) = postSolution
		{A1405B2D-BE78-40D6-8FDD-C1F5EE1AF542}.Debug|Any CPU.ActiveCfg = Debug|Any CPU
		{A1405B2D-BE78-40D6-8FDD-C1F5EE1AF542}.Debug|Any CPU.Build.0 = Debug|Any CPU
		{A1405B2D-BE78-40D6-8FDD-C1F5EE1AF542}.Release|Any CPU.ActiveCfg = Release|Any CPU
		{A1405B2D-BE78-40D6-8FDD-C1F5EE1AF542}.Release|Any CPU.Build.0 = Release|Any CPU
	EndGlobalSection
	GlobalSection(SolutionProperties) = preSolution
		HideSolutionNode = FALSE
	EndGlobalSection
	GlobalSection(ExtensibilityGlobals) = postSolution
		SolutionGuid = {ECD111F0-1521-48AE-A2A7-22EB0A296CEA}
	EndGlobalSection
EndGlobal
